
Microsoft Visual Studio Solution File, Format Version 12.00
# Visual Studio Version 17
VisualStudioVersion = 17.14.36301.6
MinimumVisualStudioVersion = 10.0.40219.1
Project("{FAE04EC0-301F-11D3-BF4B-00C04F79EFBC}") = "EventManagement11", "EventManagement11.csproj", "{4BF357E4-2D4D-48E3-B494-B63AAE538253}"
EndProject
Project("{FAE04EC0-301F-11D3-BF4B-00C04F79EFBC}") = "EventTests", "..\EventTests\EventTests.csproj", "{CA9A43E2-12B3-4789-A648-CAFD9DBE17D3}"
EndProject
Global
	GlobalSection(SolutionConfigurationPlatforms) = preSolution
		Debug|Any CPU = Debug|Any CPU
		Release|Any CPU = Release|Any CPU
	EndGlobalSection
	GlobalSection(ProjectConfigurationPlatforms) = postSolution
		{4BF357E4-2D4D-48E3-B494-B63AAE538253}.Debug|Any CPU.ActiveCfg = Debug|Any CPU
		{4BF357E4-2D4D-48E3-B494-B63AAE538253}.Debug|Any CPU.Build.0 = Debug|Any CPU
		{4BF357E4-2D4D-48E3-B494-B63AAE538253}.Release|Any CPU.ActiveCfg = Release|Any CPU
		{4BF357E4-2D4D-48E3-B494-B63AAE538253}.Release|Any CPU.Build.0 = Release|Any CPU
		{CA9A43E2-12B3-4789-A648-CAFD9DBE17D3}.Debug|Any CPU.ActiveCfg = Debug|Any CPU
		{CA9A43E2-12B3-4789-A648-CAFD9DBE17D3}.Debug|Any CPU.Build.0 = Debug|Any CPU
		{CA9A43E2-12B3-4789-A648-CAFD9DBE17D3}.Release|Any CPU.ActiveCfg = Release|Any CPU
		{CA9A43E2-12B3-4789-A648-CAFD9DBE17D3}.Release|Any CPU.Build.0 = Release|Any CPU
	EndGlobalSection
	GlobalSection(SolutionProperties) = preSolution
		HideSolutionNode = FALSE
	EndGlobalSection
	GlobalSection(ExtensibilityGlobals) = postSolution
		SolutionGuid = {03C04D0F-AC7C-44E1-8F30-38C9CE745448}
	EndGlobalSection
EndGlobal
